
Microsoft Visual Studio Solution File, Format Version 12.00
# Visual Studio Version 17
VisualStudioVersion = 17.7.34031.279
MinimumVisualStudioVersion = 10.0.40219.1
Project("{FAE04EC0-301F-11D3-BF4B-00C04F79EFBC}") = "ReadData", "ReadData\ReadData.csproj", "{491F9F1B-EF47-4C33-9182-275B7CEC2AAD}"
EndProject
Global
	GlobalSection(SolutionConfigurationPlatforms) = preSolution
		Debug|Any CPU = Debug|Any CPU
		Release|Any CPU = Release|Any CPU
	EndGlobalSection
	GlobalSection(ProjectConfigurationPlatforms) = postSolution
		{491F9F1B-EF47-4C33-9182-275B7CEC2AAD}.Debug|Any CPU.ActiveCfg = Debug|Any CPU
		{491F9F1B-EF47-4C33-9182-275B7CEC2AAD}.Debug|Any CPU.Build.0 = Debug|Any CPU
		{491F9F1B-EF47-4C33-9182-275B7CEC2AAD}.Release|Any CPU.ActiveCfg = Release|Any CPU
		{491F9F1B-EF47-4C33-9182-275B7CEC2AAD}.Release|Any CPU.Build.0 = Release|Any CPU
	EndGlobalSection
	GlobalSection(SolutionProperties) = preSolution
		HideSolutionNode = FALSE
	EndGlobalSection
	GlobalSection(ExtensibilityGlobals) = postSolution
		SolutionGuid = {69283291-CB08-4531-94A2-F00EEDF53EE3}
	EndGlobalSection
EndGlobal
